
Microsoft Visual Studio Solution File, Format Version 12.00
# Visual Studio Version 17
VisualStudioVersion = 17.9.34607.119
MinimumVisualStudioVersion = 10.0.40219.1
Project("{9A19103F-16F7-4668-BE54-9A1E7A4F7556}") = "AuthAPI", "AuthAPI\AuthAPI.csproj", "{EDB38D20-BD28-4FF7-93FA-5330D7B8FE0A}"
EndProject
Project("{FAE04EC0-301F-11D3-BF4B-00C04F79EFBC}") = "FileAPI", "FileAPI\FileAPI.csproj", "{2947F408-6A6B-4A7D-B945-AB2285BAA4F4}"
EndProject
Global
	GlobalSection(SolutionConfigurationPlatforms) = preSolution
		Debug|Any CPU = Debug|Any CPU
		Release|Any CPU = Release|Any CPU
	EndGlobalSection
	GlobalSection(ProjectConfigurationPlatforms) = postSolution
		{EDB38D20-BD28-4FF7-93FA-5330D7B8FE0A}.Debug|Any CPU.ActiveCfg = Debug|Any CPU
		{EDB38D20-BD28-4FF7-93FA-5330D7B8FE0A}.Debug|Any CPU.Build.0 = Debug|Any CPU
		{EDB38D20-BD28-4FF7-93FA-5330D7B8FE0A}.Release|Any CPU.ActiveCfg = Release|Any CPU
		{EDB38D20-BD28-4FF7-93FA-5330D7B8FE0A}.Release|Any CPU.Build.0 = Release|Any CPU
		{2947F408-6A6B-4A7D-B945-AB2285BAA4F4}.Debug|Any CPU.ActiveCfg = Debug|Any CPU
		{2947F408-6A6B-4A7D-B945-AB2285BAA4F4}.Debug|Any CPU.Build.0 = Debug|Any CPU
		{2947F408-6A6B-4A7D-B945-AB2285BAA4F4}.Release|Any CPU.ActiveCfg = Release|Any CPU
		{2947F408-6A6B-4A7D-B945-AB2285BAA4F4}.Release|Any CPU.Build.0 = Release|Any CPU
	EndGlobalSection
	GlobalSection(SolutionProperties) = preSolution
		HideSolutionNode = FALSE
	EndGlobalSection
	GlobalSection(ExtensibilityGlobals) = postSolution
		SolutionGuid = {789F06B8-B995-4417-A188-3B1D03E3072B}
	EndGlobalSection
EndGlobal
